PODS:
  - AFNetworking (3.2.1):
    - AFNetworking/NSURLSession (= 3.2.1)
    - AFNetworking/Reachability (= 3.2.1)
    - AFNetworking/Security (= 3.2.1)
    - AFNetworking/Serialization (= 3.2.1)
    - AFNetworking/UIKit (= 3.2.1)
  - AFNetworking/NSURLSession (3.2.1):
    - AFNetworking/Reachability
    - AFNetworking/Security
    - AFNetworking/Serialization
  - AFNetworking/Reachability (3.2.1)
  - AFNetworking/Security (3.2.1)
  - AFNetworking/Serialization (3.2.1)
  - AFNetworking/UIKit (3.2.1):
    - AFNetworking/NSURLSession
  - EYNetwork (0.1.6):
    - AFNetworking
    - ReactiveObjC
  - EYNetworkClient (0.6.0):
    - EYNetwork
  - ReactiveObjC (3.1.0)

DEPENDENCIES:
  - EYNetworkClient (from `../`)

SPEC REPOS:
  https://github.com/cocoapods/specs.git:
    - AFNetworking
    - EYNetwork
    - ReactiveObjC

EXTERNAL SOURCES:
  EYNetworkClient:
    :path: "../"

SPEC CHECKSUMS:
  AFNetworking: b6f891fdfaed196b46c7a83cf209e09697b94057
  EYNetwork: 61665cea93fff0c109786a8fb0bdba2c59cdbd77
  EYNetworkClient: fc521a78bf2abbd65bb344da9acb7fdab01be1fd
  ReactiveObjC: 2a38ea15335de4119d8b17caf1db1484f61db902

PODFILE CHECKSUM: 0b68a09792ed12098b0b2c13d055aacf9367f11e

COCOAPODS: 1.6.0
